
Microsoft Visual Studio Solution File, Format Version 12.00
# Visual Studio Version 17
VisualStudioVersion = 17.0.31903.59
MinimumVisualStudioVersion = 10.0.40219.1
Project("{2150E333-8FDC-42A3-9474-1A3956D46DE8}") = "src", "src", "{AB40942C-63C8-4898-A139-66F6A58BD309}"
EndProject
Project("{FAE04EC0-301F-11D3-BF4B-00C04F79EFBC}") = "OwOUtils", "src\OwOUtils\OwOUtils.csproj", "{DACDF197-6655-44FB-BBC7-767CB14A0CF0}"
EndProject
Global
	GlobalSection(SolutionConfigurationPlatforms) = preSolution
		Debug|Any CPU = Debug|Any CPU
		Release|Any CPU = Release|Any CPU
	EndGlobalSection
	GlobalSection(SolutionProperties) = preSolution
		HideSolutionNode = FALSE
	EndGlobalSection
	GlobalSection(ProjectConfigurationPlatforms) = postSolution
		{DACDF197-6655-44FB-BBC7-767CB14A0CF0}.Debug|Any CPU.ActiveCfg = Debug|Any CPU
		{DACDF197-6655-44FB-BBC7-767CB14A0CF0}.Debug|Any CPU.Build.0 = Debug|Any CPU
		{DACDF197-6655-44FB-BBC7-767CB14A0CF0}.Release|Any CPU.ActiveCfg = Release|Any CPU
		{DACDF197-6655-44FB-BBC7-767CB14A0CF0}.Release|Any CPU.Build.0 = Release|Any CPU
	EndGlobalSection
	GlobalSection(NestedProjects) = preSolution
		{DACDF197-6655-44FB-BBC7-767CB14A0CF0} = {AB40942C-63C8-4898-A139-66F6A58BD309}
	EndGlobalSection
EndGlobal
